
Microsoft Visual Studio Solution File, Format Version 12.00
# Visual Studio Version 16
VisualStudioVersion = 16.0.29709.97
MinimumVisualStudioVersion = 10.0.40219.1
Project("{FAE04EC0-301F-11D3-BF4B-00C04F79EFBC}") = "SEScriptsTest", "SEScriptsTest\SEScriptsTest.csproj", "{284F55C3-7FF1-4170-955B-B5CF83F75C9F}"
EndProject
Global
	GlobalSection(SolutionConfigurationPlatforms) = preSolution
		Debug|x64 = Debug|x64
	EndGlobalSection
	GlobalSection(ProjectConfigurationPlatforms) = postSolution
		{284F55C3-7FF1-4170-955B-B5CF83F75C9F}.Debug|x64.ActiveCfg = Debug|x64
		{284F55C3-7FF1-4170-955B-B5CF83F75C9F}.Debug|x64.Build.0 = Debug|x64
	EndGlobalSection
	GlobalSection(SolutionProperties) = preSolution
		HideSolutionNode = FALSE
	EndGlobalSection
	GlobalSection(ExtensibilityGlobals) = postSolution
		SolutionGuid = {1BA0D61A-D977-4323-B4E2-527D0092E5A6}
	EndGlobalSection
EndGlobal
